// !$*UTF8*$!
{
	archiveVersion = 1;
	classes = {
	};
	objectVersion = 56;
	objects = {

/* Begin PBXBuildFile section */
		52462D362B00068B00B63921 /* wtwApp.swift in Sources */ = {isa = PBXBuildFile; fileRef = 52462D352B00068B00B63921 /* wtwApp.swift */; };
		52462D382B00068B00B63921 /* StartUpView.swift in Sources */ = {isa = PBXBuildFile; fileRef = 52462D372B00068B00B63921 /* StartUpView.swift */; };
		52462D3A2B00068D00B63921 /* Assets.xcassets in Resources */ = {isa = PBXBuildFile; fileRef = 52462D392B00068D00B63921 /* Assets.xcassets */; };
		52462D3D2B00068D00B63921 /* Preview Assets.xcassets in Resources */ = {isa = PBXBuildFile; fileRef = 52462D3C2B00068D00B63921 /* Preview Assets.xcassets */; };
		52462D472B00068D00B63921 /* wtwTests.swift in Sources */ = {isa = PBXBuildFile; fileRef = 52462D462B00068D00B63921 /* wtwTests.swift */; };
		52462D512B00068D00B63921 /* wtwUITests.swift in Sources */ = {isa = PBXBuildFile; fileRef = 52462D502B00068D00B63921 /* wtwUITests.swift */; };
		52462D532B00068D00B63921 /* wtwUITestsLaunchTests.swift in Sources */ = {isa = PBXBuildFile; fileRef = 52462D522B00068D00B63921 /* wtwUITestsLaunchTests.swift */; };
		52E604CE2B00185F00814C5F /* HomeView.swift in Sources */ = {isa = PBXBuildFile; fileRef = 52E604CD2B00185F00814C5F /* HomeView.swift */; };
		52E604D02B001A7100814C5F /* ProfileView.swift in Sources */ = {isa = PBXBuildFile; fileRef = 52E604CF2B001A7100814C5F /* ProfileView.swift */; };
		52E604D22B001E1D00814C5F /* NewProfileView.swift in Sources */ = {isa = PBXBuildFile; fileRef = 52E604D12B001E1D00814C5F /* NewProfileView.swift */; };
/* End PBXBuildFile section */

/* Begin PBXContainerItemProxy section */
		52462D432B00068D00B63921 /* PBXContainerItemProxy */ = {
			isa = PBXContainerItemProxy;
			containerPortal = 52462D2A2B00068B00B63921 /* Project object */;
			proxyType = 1;
			remoteGlobalIDString = 52462D312B00068B00B63921;
			remoteInfo = wtw;
		};
		52462D4D2B00068D00B63921 /* PBXContainerItemProxy */ = {
			isa = PBXContainerItemProxy;
			containerPortal = 52462D2A2B00068B00B63921 /* Project object */;
			proxyType = 1;
			remoteGlobalIDString = 52462D312B00068B00B63921;
			remoteInfo = wtw;
		};
/* End PBXContainerItemProxy section */

/* Begin PBXFileReference section */
		52462D322B00068B00B63921 /* wtw.app */ = {isa = PBXFileReference; explicitFileType = wrapper.application; includeInIndex = 0; path = wtw.app; sourceTree = BUILT_PRODUCTS_DIR; };
		52462D352B00068B00B63921 /* wtwApp.swift */ = {isa = PBXFileReference; lastKnownFileType = sourcecode.swift; path = wtwApp.swift; sourceTree = "<group>"; };
		52462D372B00068B00B63921 /* StartUpView.swift */ = {isa = PBXFileReference; lastKnownFileType = sourcecode.swift; path = StartUpView.swift; sourceTree = "<group>"; };
		52462D392B00068D00B63921 /* Assets.xcassets */ = {isa = PBXFileReference; lastKnownFileType = folder.assetcatalog; path = Assets.xcassets; sourceTree = "<group>"; };
		52462D3C2B00068D00B63921 /* Preview Assets.xcassets */ = {isa = PBXFileReference; lastKnownFileType = folder.assetcatalog; path = "Preview Assets.xcassets"; sourceTree = "<group>"; };
		52462D422B00068D00B63921 /* wtwTests.xctest */ = {isa = PBXFileReference; explicitFileType = wrapper.cfbundle; includeInIndex = 0; path = wtwTests.xctest; sourceTree = BUILT_PRODUCTS_DIR; };
		52462D462B00068D00B63921 /* wtwTests.swift */ = {isa = PBXFileReference; lastKnownFileType = sourcecode.swift; path = wtwTests.swift; sourceTree = "<group>"; };
		52462D4C2B00068D00B63921 /* wtwUITests.xctest */ = {isa = PBXFileReference; explicitFileType = wrapper.cfbundle; includeInIndex = 0; path = wtwUITests.xctest; sourceTree = BUILT_PRODUCTS_DIR; };
		52462D502B00068D00B63921 /* wtwUITests.swift */ = {isa = PBXFileReference; lastKnownFileType = sourcecode.swift; path = wtwUITests.swift; sourceTree = "<group>"; };
		52462D522B00068D00B63921 /* wtwUITestsLaunchTests.swift */ = {isa = PBXFileReference; lastKnownFileType = sourcecode.swift; path = wtwUITestsLaunchTests.swift; sourceTree = "<group>"; };
		52E604CD2B00185F00814C5F /* HomeView.swift */ = {isa = PBXFileReference; lastKnownFileType = sourcecode.swift; path = HomeView.swift; sourceTree = "<group>"; };
		52E604CF2B001A7100814C5F /* ProfileView.swift */ = {isa = PBXFileReference; lastKnownFileType = sourcecode.swift; path = ProfileView.swift; sourceTree = "<group>"; };
		52E604D12B001E1D00814C5F /* NewProfileView.swift */ = {isa = PBXFileReference; lastKnownFileType = sourcecode.swift; path = NewProfileView.swift; sourceTree = "<group>"; };
/* End PBXFileReference section */

/* Begin PBXFrameworksBuildPhase section */
		52462D2F2B00068B00B63921 /* Frameworks */ = {
			isa = PBXFrameworksBuildPhase;
			buildActionMask = 2147483647;
			files = (
			);
			runOnlyForDeploymentPostprocessing = 0;
		};
		52462D3F2B00068D00B63921 /* Frameworks */ = {
			isa = PBXFrameworksBuildPhase;
			buildActionMask = 2147483647;
			files = (
			);
			runOnlyForDeploymentPostprocessing = 0;
		};
		52462D492B00068D00B63921 /* Frameworks */ = {
			isa = PBXFrameworksBuildPhase;
			buildActionMask = 2147483647;
			files = (
			);
			runOnlyForDeploymentPostprocessing = 0;
		};
/* End PBXFrameworksBuildPhase section */

/* Begin PBXGroup section */
		52462D292B00068B00B63921 = {
			isa = PBXGroup;
			children = (
				52462D342B00068B00B63921 /* wtw */,
				52462D452B00068D00B63921 /* wtwTests */,
				52462D4F2B00068D00B63921 /* wtwUITests */,
				52462D332B00068B00B63921 /* Products */,
			);
			sourceTree = "<group>";
		};
		52462D332B00068B00B63921 /* Products */ = {
			isa = PBXGroup;
			children = (
				52462D322B00068B00B63921 /* wtw.app */,
				52462D422B00068D00B63921 /* wtwTests.xctest */,
				52462D4C2B00068D00B63921 /* wtwUITests.xctest */,
			);
			name = Products;
			sourceTree = "<group>";
		};
		52462D342B00068B00B63921 /* wtw */ = {
			isa = PBXGroup;
			children = (
				52E604CC2B00184F00814C5F /* Views */,
				52462D352B00068B00B63921 /* wtwApp.swift */,
				52462D392B00068D00B63921 /* Assets.xcassets */,
				52462D3B2B00068D00B63921 /* Preview Content */,
			);
			path = wtw;
			sourceTree = "<group>";
		};
		52462D3B2B00068D00B63921 /* Preview Content */ = {
			isa = PBXGroup;
			children = (
				52462D3C2B00068D00B63921 /* Preview Assets.xcassets */,
			);
			path = "Preview Content";
			sourceTree = "<group>";
		};
		52462D452B00068D00B63921 /* wtwTests */ = {
			isa = PBXGroup;
			children = (
				52462D462B00068D00B63921 /* wtwTests.swift */,
			);
			path = wtwTests;
			sourceTree = "<group>";
		};
		52462D4F2B00068D00B63921 /* wtwUITests */ = {
			isa = PBXGroup;
			children = (
				52462D502B00068D00B63921 /* wtwUITests.swift */,
				52462D522B00068D00B63921 /* wtwUITestsLaunchTests.swift */,
			);
			path = wtwUITests;
			sourceTree = "<group>";
		};
		52E604CC2B00184F00814C5F /* Views */ = {
			isa = PBXGroup;
			children = (
				52462D372B00068B00B63921 /* StartUpView.swift */,
				52E604CD2B00185F00814C5F /* HomeView.swift */,
				52E604CF2B001A7100814C5F /* ProfileView.swift */,
				52E604D12B001E1D00814C5F /* NewProfileView.swift */,
			);
			path = Views;
			sourceTree = "<group>";
		};
/* End PBXGroup section */

/* Begin PBXNativeTarget section */
		52462D312B00068B00B63921 /* wtw */ = {
			isa = PBXNativeTarget;
			buildConfigurationList = 52462D562B00068D00B63921 /* Build configuration list for PBXNativeTarget "wtw" */;
			buildPhases = (
				52462D2E2B00068B00B63921 /* Sources */,
				52462D2F2B00068B00B63921 /* Frameworks */,
				52462D302B00068B00B63921 /* Resources */,
			);
			buildRules = (
			);
			dependencies = (
			);
			name = wtw;
			productName = wtw;
			productReference = 52462D322B00068B00B63921 /* wtw.app */;
			productType = "com.apple.product-type.application";
		};
		52462D412B00068D00B63921 /* wtwTests */ = {
			isa = PBXNativeTarget;
			buildConfigurationList = 52462D592B00068D00B63921 /* Build configuration list for PBXNativeTarget "wtwTests" */;
			buildPhases = (
				52462D3E2B00068D00B63921 /* Sources */,
				52462D3F2B00068D00B63921 /* Frameworks */,
				52462D402B00068D00B63921 /* Resources */,
			);
			buildRules = (
			);
			dependencies = (
				52462D442B00068D00B63921 /* PBXTargetDependency */,
			);
			name = wtwTests;
			productName = wtwTests;
			productReference = 52462D422B00068D00B63921 /* wtwTests.xctest */;
			productType = "com.apple.product-type.bundle.unit-test";
		};
		52462D4B2B00068D00B63921 /* wtwUITests */ = {
			isa = PBXNativeTarget;
			buildConfigurationList = 52462D5C2B00068D00B63921 /* Build configuration list for PBXNativeTarget "wtwUITests" */;
			buildPhases = (
				52462D482B00068D00B63921 /* Sources */,
				52462D492B00068D00B63921 /* Frameworks */,
				52462D4A2B00068D00B63921 /* Resources */,
			);
			buildRules = (
			);
			dependencies = (
				52462D4E2B00068D00B63921 /* PBXTargetDependency */,
			);
			name = wtwUITests;
			productName = wtwUITests;
			productReference = 52462D4C2B00068D00B63921 /* wtwUITests.xctest */;
			productType = "com.apple.product-type.bundle.ui-testing";
		};
/* End PBXNativeTarget section */

/* Begin PBXProject section */
		52462D2A2B00068B00B63921 /* Project object */ = {
			isa = PBXProject;
			attributes = {
				BuildIndependentTargetsInParallel = 1;
				LastSwiftUpdateCheck = 1500;
				LastUpgradeCheck = 1500;
				TargetAttributes = {
					52462D312B00068B00B63921 = {
						CreatedOnToolsVersion = 15.0.1;
					};
					52462D412B00068D00B63921 = {
						CreatedOnToolsVersion = 15.0.1;
						TestTargetID = 52462D312B00068B00B63921;
					};
					52462D4B2B00068D00B63921 = {
						CreatedOnToolsVersion = 15.0.1;
						TestTargetID = 52462D312B00068B00B63921;
					};
				};
			};
			buildConfigurationList = 52462D2D2B00068B00B63921 /* Build configuration list for PBXProject "wtw" */;
			compatibilityVersion = "Xcode 14.0";
			developmentRegion = en;
			hasScannedForEncodings = 0;
			knownRegions = (
				en,
				Base,
			);
			mainGroup = 52462D292B00068B00B63921;
			productRefGroup = 52462D332B00068B00B63921 /* Products */;
			projectDirPath = "";
			projectRoot = "";
			targets = (
				52462D312B00068B00B63921 /* wtw */,
				52462D412B00068D00B63921 /* wtwTests */,
				52462D4B2B00068D00B63921 /* wtwUITests */,
			);
		};
/* End PBXProject section */

/* Begin PBXResourcesBuildPhase section */
		52462D302B00068B00B63921 /* Resources */ = {
			isa = PBXResourcesBuildPhase;
			buildActionMask = 2147483647;
			files = (
				52462D3D2B00068D00B63921 /* Preview Assets.xcassets in Resources */,
				52462D3A2B00068D00B63921 /* Assets.xcassets in Resources */,
			);
			runOnlyForDeploymentPostprocessing = 0;
		};
		52462D402B00068D00B63921 /* Resources */ = {
			isa = PBXResourcesBuildPhase;
			buildActionMask = 2147483647;
			files = (
			);
			runOnlyForDeploymentPostprocessing = 0;
		};
		52462D4A2B00068D00B63921 /* Resources */ = {
			isa = PBXResourcesBuildPhase;
			buildActionMask = 2147483647;
			files = (
			);
			runOnlyForDeploymentPostprocessing = 0;
		};
/* End PBXResourcesBuildPhase section */

/* Begin PBXSourcesBuildPhase section */
		52462D2E2B00068B00B63921 /* Sources */ = {
			isa = PBXSourcesBuildPhase;
			buildActionMask = 2147483647;
			files = (
				52E604D22B001E1D00814C5F /* NewProfileView.swift in Sources */,
				52E604D02B001A7100814C5F /* ProfileView.swift in Sources */,
				52E604CE2B00185F00814C5F /* HomeView.swift in Sources */,
				52462D382B00068B00B63921 /* StartUpView.swift in Sources */,
				52462D362B00068B00B63921 /* wtwApp.swift in Sources */,
			);
			runOnlyForDeploymentPostprocessing = 0;
		};
		52462D3E2B00068D00B63921 /* Sources */ = {
			isa = PBXSourcesBuildPhase;
			buildActionMask = 2147483647;
			files = (
				52462D472B00068D00B63921 /* wtwTests.swift in Sources */,
			);
			runOnlyForDeploymentPostprocessing = 0;
		};
		52462D482B00068D00B63921 /* Sources */ = {
			isa = PBXSourcesBuildPhase;
			buildActionMask = 2147483647;
			files = (
				52462D512B00068D00B63921 /* wtwUITests.swift in Sources */,
				52462D532B00068D00B63921 /* wtwUITestsLaunchTests.swift in Sources */,
			);
			runOnlyForDeploymentPostprocessing = 0;
		};
/* End PBXSourcesBuildPhase section */

/* Begin PBXTargetDependency section */
		52462D442B00068D00B63921 /* PBXTargetDependency */ = {
			isa = PBXTargetDependency;
			target = 52462D312B00068B00B63921 /* wtw */;
			targetProxy = 52462D432B00068D00B63921 /* PBXContainerItemProxy */;
		};
		52462D4E2B00068D00B63921 /* PBXTargetDependency */ = {
			isa = PBXTargetDependency;
			target = 52462D312B00068B00B63921 /* wtw */;
			targetProxy = 52462D4D2B00068D00B63921 /* PBXContainerItemProxy */;
		};
/* End PBXTargetDependency section */

/* Begin XCBuildConfiguration section */
		52462D542B00068D00B63921 /* Debug */ = {
			isa = XCBuildConfiguration;
			buildSettings = {
				ALWAYS_SEARCH_USER_PATHS = NO;
				ASSETCATALOG_COMPILER_GENERATE_SWIFT_ASSET_SYMBOL_EXTENSIONS = YES;
				CLANG_ANALYZER_NONNULL = YES;
				CLANG_ANALYZER_NUMBER_OBJECT_CONVERSION = YES_AGGRESSIVE;
				CLANG_CXX_LANGUAGE_STANDARD = "gnu++20";
				CLANG_ENABLE_MODULES = YES;
				CLANG_ENABLE_OBJC_ARC = YES;
				CLANG_ENABLE_OBJC_WEAK = YES;
				CLANG_WARN_BLOCK_CAPTURE_AUTORELEASING = YES;
				CLANG_WARN_BOOL_CONVERSION = YES;
				CLANG_WARN_COMMA = YES;
				CLANG_WARN_CONSTANT_CONVERSION = YES;
				CLANG_WARN_DEPRECATED_OBJC_IMPLEMENTATIONS = YES;
				CLANG_WARN_DIRECT_OBJC_ISA_USAGE = YES_ERROR;
				CLANG_WARN_DOCUMENTATION_COMMENTS = YES;
				CLANG_WARN_EMPTY_BODY = YES;
				CLANG_WARN_ENUM_CONVERSION = YES;
				CLANG_WARN_INFINITE_RECURSION = YES;
				CLANG_WARN_INT_CONVERSION = YES;
				CLANG_WARN_NON_LITERAL_NULL_CONVERSION = YES;
				CLANG_WARN_OBJC_IMPLICIT_RETAIN_SELF = YES;
				CLANG_WARN_OBJC_LITERAL_CONVERSION = YES;
				CLANG_WARN_OBJC_ROOT_CLASS = YES_ERROR;
				CLANG_WARN_QUOTED_INCLUDE_IN_FRAMEWORK_HEADER = YES;
				CLANG_WARN_RANGE_LOOP_ANALYSIS = YES;
				CLANG_WARN_STRICT_PROTOTYPES = YES;
				CLANG_WARN_SUSPICIOUS_MOVE = YES;
				CLANG_WARN_UNGUARDED_AVAILABILITY = YES_AGGRESSIVE;
				CLANG_WARN_UNREACHABLE_CODE = YES;
				CLANG_WARN__DUPLICATE_METHOD_MATCH = YES;
				COPY_PHASE_STRIP = NO;
				DEBUG_INFORMATION_FORMAT = dwarf;
				ENABLE_STRICT_OBJC_MSGSEND = YES;
				ENABLE_TESTABILITY = YES;
				ENABLE_USER_SCRIPT_SANDBOXING = YES;
				GCC_C_LANGUAGE_STANDARD = gnu17;
				GCC_DYNAMIC_NO_PIC = NO;
				GCC_NO_COMMON_BLOCKS = YES;
				GCC_OPTIMIZATION_LEVEL = 0;
				GCC_PREPROCESSOR_DEFINITIONS = (
					"DEBUG=1",
					"$(inherited)",
				);
				GCC_WARN_64_TO_32_BIT_CONVERSION = YES;
				GCC_WARN_ABOUT_RETURN_TYPE = YES_ERROR;
				GCC_WARN_UNDECLARED_SELECTOR = YES;
				GCC_WARN_UNINITIALIZED_AUTOS = YES_AGGRESSIVE;
				GCC_WARN_UNUSED_FUNCTION = YES;
				GCC_WARN_UNUSED_VARIABLE = YES;
				IPHONEOS_DEPLOYMENT_TARGET = 17.0;
				LOCALIZATION_PREFERS_STRING_CATALOGS = YES;
				MTL_ENABLE_DEBUG_INFO = INCLUDE_SOURCE;
				MTL_FAST_MATH = YES;
				ONLY_ACTIVE_ARCH = YES;
				SDKROOT = iphoneos;
				SWIFT_ACTIVE_COMPILATION_CONDITIONS = "DEBUG $(inherited)";
				SWIFT_OPTIMIZATION_LEVEL = "-Onone";
			};
			name = Debug;
		};
		52462D552B00068D00B63921 /* Release */ = {
			isa = XCBuildConfiguration;
			buildSettings = {
				ALWAYS_SEARCH_USER_PATHS = NO;
				ASSETCATALOG_COMPILER_GENERATE_SWIFT_ASSET_SYMBOL_EXTENSIONS = YES;
				CLANG_ANALYZER_NONNULL = YES;
				CLANG_ANALYZER_NUMBER_OBJECT_CONVERSION = YES_AGGRESSIVE;
				CLANG_CXX_LANGUAGE_STANDARD = "gnu++20";
				CLANG_ENABLE_MODULES = YES;
				CLANG_ENABLE_OBJC_ARC = YES;
				CLANG_ENABLE_OBJC_WEAK = YES;
				CLANG_WARN_BLOCK_CAPTURE_AUTORELEASING = YES;
				CLANG_WARN_BOOL_CONVERSION = YES;
				CLANG_WARN_COMMA = YES;
				CLANG_WARN_CONSTANT_CONVERSION = YES;
				CLANG_WARN_DEPRECATED_OBJC_IMPLEMENTATIONS = YES;
				CLANG_WARN_DIRECT_OBJC_ISA_USAGE = YES_ERROR;
				CLANG_WARN_DOCUMENTATION_COMMENTS = YES;
				CLANG_WARN_EMPTY_BODY = YES;
				CLANG_WARN_ENUM_CONVERSION = YES;
				CLANG_WARN_INFINITE_RECURSION = YES;
				CLANG_WARN_INT_CONVERSION = YES;
				CLANG_WARN_NON_LITERAL_NULL_CONVERSION = YES;
				CLANG_WARN_OBJC_IMPLICIT_RETAIN_SELF = YES;
				CLANG_WARN_OBJC_LITERAL_CONVERSION = YES;
				CLANG_WARN_OBJC_ROOT_CLASS = YES_ERROR;
				CLANG_WARN_QUOTED_INCLUDE_IN_FRAMEWORK_HEADER = YES;
				CLANG_WARN_RANGE_LOOP_ANALYSIS = YES;
				CLANG_WARN_STRICT_PROTOTYPES = YES;
				CLANG_WARN_SUSPICIOUS_MOVE = YES;
				CLANG_WARN_UNGUARDED_AVAILABILITY = YES_AGGRESSIVE;
				CLANG_WARN_UNREACHABLE_CODE = YES;
				CLANG_WARN__DUPLICATE_METHOD_MATCH = YES;
				COPY_PHASE_STRIP = NO;
				DEBUG_INFORMATION_FORMAT = "dwarf-with-dsym";
				ENABLE_NS_ASSERTIONS = NO;
				ENABLE_STRICT_OBJC_MSGSEND = YES;
				ENABLE_USER_SCRIPT_SANDBOXING = YES;
				GCC_C_LANGUAGE_STANDARD = gnu17;
				GCC_NO_COMMON_BLOCKS = YES;
				GCC_WARN_64_TO_32_BIT_CONVERSION = YES;
				GCC_WARN_ABOUT_RETURN_TYPE = YES_ERROR;
				GCC_WARN_UNDECLARED_SELECTOR = YES;
				GCC_WARN_UNINITIALIZED_AUTOS = YES_AGGRESSIVE;
				GCC_WARN_UNUSED_FUNCTION = YES;
				GCC_WARN_UNUSED_VARIABLE = YES;
				IPHONEOS_DEPLOYMENT_TARGET = 17.0;
				LOCALIZATION_PREFERS_STRING_CATALOGS = YES;
				MTL_ENABLE_DEBUG_INFO = NO;
				MTL_FAST_MATH = YES;
				SDKROOT = iphoneos;
				SWIFT_COMPILATION_MODE = wholemodule;
				VALIDATE_PRODUCT = YES;
			};
			name = Release;
		};
		52462D572B00068D00B63921 /* Debug */ = {
			isa = XCBuildConfiguration;
			buildSettings = {
				ASSETCATALOG_COMPILER_APPICON_NAME = AppIcon;
				ASSETCATALOG_COMPILER_GLOBAL_ACCENT_COLOR_NAME = AccentColor;
				CODE_SIGN_STYLE = Automatic;
				CURRENT_PROJECT_VERSION = 1;
				DEVELOPMENT_ASSET_PATHS = "\"wtw/Preview Content\"";
				ENABLE_PREVIEWS = YES;
				GENERATE_INFOPLIST_FILE = YES;
				INFOPLIST_KEY_UIApplicationSceneManifest_Generation = YES;
				INFOPLIST_KEY_UIApplicationSupportsIndirectInputEvents = YES;
				INFOPLIST_KEY_UILaunchScreen_Generation = YES;
				INFOPLIST_KEY_UISupportedInterfaceOrientations_iPad = "UIInterfaceOrientationPortrait UIInterfaceOrientationPortraitUpsideDown UIInterfaceOrientationLandscapeLeft UIInterfaceOrientationLandscapeRight";
				INFOPLIST_KEY_UISupportedInterfaceOrientations_iPhone = "UIInterfaceOrientationPortrait UIInterfaceOrientationLandscapeLeft UIInterfaceOrientationLandscapeRight";
				LD_RUNPATH_SEARCH_PATHS = (
					"$(inherited)",
					"@executable_path/Frameworks",
				);
				MARKETING_VERSION = 1.0;
				PRODUCT_BUNDLE_IDENTIFIER = Hackathon.wtw;
				PRODUCT_NAME = "$(TARGET_NAME)";
				SWIFT_EMIT_LOC_STRINGS = YES;
				SWIFT_VERSION = 5.0;
				TARGETED_DEVICE_FAMILY = "1,2";
			};
			name = Debug;
		};
		52462D582B00068D00B63921 /* Release */ = {
			isa = XCBuildConfiguration;
			buildSettings = {
				ASSETCATALOG_COMPILER_APPICON_NAME = AppIcon;
				ASSETCATALOG_COMPILER_GLOBAL_ACCENT_COLOR_NAME = AccentColor;
				CODE_SIGN_STYLE = Automatic;
				CURRENT_PROJECT_VERSION = 1;
				DEVELOPMENT_ASSET_PATHS = "\"wtw/Preview Content\"";
				ENABLE_PREVIEWS = YES;
				GENERATE_INFOPLIST_FILE = YES;
				INFOPLIST_KEY_UIApplicationSceneManifest_Generation = YES;
				INFOPLIST_KEY_UIApplicationSupportsIndirectInputEvents = YES;
				INFOPLIST_KEY_UILaunchScreen_Generation = YES;
				INFOPLIST_KEY_UISupportedInterfaceOrientations_iPad = "UIInterfaceOrientationPortrait UIInterfaceOrientationPortraitUpsideDown UIInterfaceOrientationLandscapeLeft UIInterfaceOrientationLandscapeRight";
				INFOPLIST_KEY_UISupportedInterfaceOrientations_iPhone = "UIInterfaceOrientationPortrait UIInterfaceOrientationLandscapeLeft UIInterfaceOrientationLandscapeRight";
				LD_RUNPATH_SEARCH_PATHS = (
					"$(inherited)",
					"@executable_path/Frameworks",
				);
				MARKETING_VERSION = 1.0;
				PRODUCT_BUNDLE_IDENTIFIER = Hackathon.wtw;
				PRODUCT_NAME = "$(TARGET_NAME)";
				SWIFT_EMIT_LOC_STRINGS = YES;
				SWIFT_VERSION = 5.0;
				TARGETED_DEVICE_FAMILY = "1,2";
			};
			name = Release;
		};
		52462D5A2B00068D00B63921 /* Debug */ = {
			isa = XCBuildConfiguration;
			buildSettings = {
				ALWAYS_EMBED_SWIFT_STANDARD_LIBRARIES = YES;
				BUNDLE_LOADER = "$(TEST_HOST)";
				CODE_SIGN_STYLE = Automatic;
				CURRENT_PROJECT_VERSION = 1;
				GENERATE_INFOPLIST_FILE = YES;
				IPHONEOS_DEPLOYMENT_TARGET = 17.0;
				MARKETING_VERSION = 1.0;
				PRODUCT_BUNDLE_IDENTIFIER = Hackathon.wtwTests;
				PRODUCT_NAME = "$(TARGET_NAME)";
				SWIFT_EMIT_LOC_STRINGS = NO;
				SWIFT_VERSION = 5.0;
				TARGETED_DEVICE_FAMILY = "1,2";
				TEST_HOST = "$(BUILT_PRODUCTS_DIR)/wtw.app/$(BUNDLE_EXECUTABLE_FOLDER_PATH)/wtw";
			};
			name = Debug;
		};
		52462D5B2B00068D00B63921 /* Release */ = {
			isa = XCBuildConfiguration;
			buildSettings = {
				ALWAYS_EMBED_SWIFT_STANDARD_LIBRARIES = YES;
				BUNDLE_LOADER = "$(TEST_HOST)";
				CODE_SIGN_STYLE = Automatic;
				CURRENT_PROJECT_VERSION = 1;
				GENERATE_INFOPLIST_FILE = YES;
				IPHONEOS_DEPLOYMENT_TARGET = 17.0;
				MARKETING_VERSION = 1.0;
				PRODUCT_BUNDLE_IDENTIFIER = Hackathon.wtwTests;
				PRODUCT_NAME = "$(TARGET_NAME)";
				SWIFT_EMIT_LOC_STRINGS = NO;
				SWIFT_VERSION = 5.0;
				TARGETED_DEVICE_FAMILY = "1,2";
				TEST_HOST = "$(BUILT_PRODUCTS_DIR)/wtw.app/$(BUNDLE_EXECUTABLE_FOLDER_PATH)/wtw";
			};
			name = Release;
		};
		52462D5D2B00068D00B63921 /* Debug */ = {
			isa = XCBuildConfiguration;
			buildSettings = {
				ALWAYS_EMBED_SWIFT_STANDARD_LIBRARIES = YES;
				CODE_SIGN_STYLE = Automatic;
				CURRENT_PROJECT_VERSION = 1;
				GENERATE_INFOPLIST_FILE = YES;
				MARKETING_VERSION = 1.0;
				PRODUCT_BUNDLE_IDENTIFIER = Hackathon.wtwUITests;
				PRODUCT_NAME = "$(TARGET_NAME)";
				SWIFT_EMIT_LOC_STRINGS = NO;
				SWIFT_VERSION = 5.0;
				TARGETED_DEVICE_FAMILY = "1,2";
				TEST_TARGET_NAME = wtw;
			};
			name = Debug;
		};
		52462D5E2B00068D00B63921 /* Release */ = {
			isa = XCBuildConfiguration;
			buildSettings = {
				ALWAYS_EMBED_SWIFT_STANDARD_LIBRARIES = YES;
				CODE_SIGN_STYLE = Automatic;
				CURRENT_PROJECT_VERSION = 1;
				GENERATE_INFOPLIST_FILE = YES;
				MARKETING_VERSION = 1.0;
				PRODUCT_BUNDLE_IDENTIFIER = Hackathon.wtwUITests;
				PRODUCT_NAME = "$(TARGET_NAME)";
				SWIFT_EMIT_LOC_STRINGS = NO;
				SWIFT_VERSION = 5.0;
				TARGETED_DEVICE_FAMILY = "1,2";
				TEST_TARGET_NAME = wtw;
			};
			name = Release;
		};
/* End XCBuildConfiguration section */

/* Begin XCConfigurationList section */
		52462D2D2B00068B00B63921 /* Build configuration list for PBXProject "wtw" */ = {
			isa = XCConfigurationList;
			buildConfigurations = (
				52462D542B00068D00B63921 /* Debug */,
				52462D552B00068D00B63921 /* Release */,
			);
			defaultConfigurationIsVisible = 0;
			defaultConfigurationName = Release;
		};
		52462D562B00068D00B63921 /* Build configuration list for PBXNativeTarget "wtw" */ = {
			isa = XCConfigurationList;
			buildConfigurations = (
				52462D572B00068D00B63921 /* Debug */,
				52462D582B00068D00B63921 /* Release */,
			);
			defaultConfigurationIsVisible = 0;
			defaultConfigurationName = Release;
		};
		52462D592B00068D00B63921 /* Build configuration list for PBXNativeTarget "wtwTests" */ = {
			isa = XCConfigurationList;
			buildConfigurations = (
				52462D5A2B00068D00B63921 /* Debug */,
				52462D5B2B00068D00B63921 /* Release */,
			);
			defaultConfigurationIsVisible = 0;
			defaultConfigurationName = Release;
		};
		52462D5C2B00068D00B63921 /* Build configuration list for PBXNativeTarget "wtwUITests" */ = {
			isa = XCConfigurationList;
			buildConfigurations = (
				52462D5D2B00068D00B63921 /* Debug */,
				52462D5E2B00068D00B63921 /* Release */,
			);
			defaultConfigurationIsVisible = 0;
			defaultConfigurationName = Release;
		};
/* End XCConfigurationList section */
	};
	rootObject = 52462D2A2B00068B00B63921 /* Project object */;
}
